// !$*UTF8*$!
{
	archiveVersion = 1;
	classes = {
	};
	objectVersion = 46;
	objects = {

/* Begin PBXBuildFile section */
		EA9ACA4F18212E82003C9D12 /* Foundation.framework in Frameworks */ = {isa = PBXBuildFile; fileRef = EA9ACA4E18212E82003C9D12 /* Foundation.framework */; };
		EA9ACA5118212E82003C9D12 /* CoreGraphics.framework in Frameworks */ = {isa = PBXBuildFile; fileRef = EA9ACA5018212E82003C9D12 /* CoreGraphics.framework */; };
		EA9ACA5318212E82003C9D12 /* UIKit.framework in Frameworks */ = {isa = PBXBuildFile; fileRef = EA9ACA5218212E82003C9D12 /* UIKit.framework */; };
		EA9ACA5918212E82003C9D12 /* InfoPlist.strings in Resources */ = {isa = PBXBuildFile; fileRef = EA9ACA5718212E82003C9D12 /* InfoPlist.strings */; };
		EA9ACA5B18212E82003C9D12 /* main.m in Sources */ = {isa = PBXBuildFile; fileRef = EA9ACA5A18212E82003C9D12 /* main.m */; };
		EA9ACA5F18212E82003C9D12 /* AppDelegate.m in Sources */ = {isa = PBXBuildFile; fileRef = EA9ACA5E18212E82003C9D12 /* AppDelegate.m */; };
		EA9ACA6218212E82003C9D12 /* Main.storyboard in Resources */ = {isa = PBXBuildFile; fileRef = EA9ACA6018212E82003C9D12 /* Main.storyboard */; };
		EA9ACA6518212E82003C9D12 /* SplashViewController.m in Sources */ = {isa = PBXBuildFile; fileRef = EA9ACA6418212E82003C9D12 /* SplashViewController.m */; };
		EA9ACA6718212E82003C9D12 /* Images.xcassets in Resources */ = {isa = PBXBuildFile; fileRef = EA9ACA6618212E82003C9D12 /* Images.xcassets */; };
		EA9ACA6E18212E82003C9D12 /* XCTest.framework in Frameworks */ = {isa = PBXBuildFile; fileRef = EA9ACA6D18212E82003C9D12 /* XCTest.framework */; };
		EA9ACA6F18212E82003C9D12 /* Foundation.framework in Frameworks */ = {isa = PBXBuildFile; fileRef = EA9ACA4E18212E82003C9D12 /* Foundation.framework */; };
		EA9ACA7018212E82003C9D12 /* UIKit.framework in Frameworks */ = {isa = PBXBuildFile; fileRef = EA9ACA5218212E82003C9D12 /* UIKit.framework */; };
		EA9ACA7818212E82003C9D12 /* InfoPlist.strings in Resources */ = {isa = PBXBuildFile; fileRef = EA9ACA7618212E82003C9D12 /* InfoPlist.strings */; };
		EA9ACA7A18212E82003C9D12 /* SchlankFitTests.m in Sources */ = {isa = PBXBuildFile; fileRef = EA9ACA7918212E82003C9D12 /* SchlankFitTests.m */; };
		EAC2954F1828B801003D1CCE /* MNMRemoteImageView.m in Sources */ = {isa = PBXBuildFile; fileRef = EAC295421828B801003D1CCE /* MNMRemoteImageView.m */; };
		EAC295501828B801003D1CCE /* NIDropDown.m in Sources */ = {isa = PBXBuildFile; fileRef = EAC295451828B801003D1CCE /* NIDropDown.m */; };
		EAC295511828B801003D1CCE /* DialogView.m in Sources */ = {isa = PBXBuildFile; fileRef = EAC295481828B801003D1CCE /* DialogView.m */; };
		EAC295521828B801003D1CCE /* DownloadingAlert.m in Sources */ = {isa = PBXBuildFile; fileRef = EAC2954B1828B801003D1CCE /* DownloadingAlert.m */; };
		EAC295531828B801003D1CCE /* DownloadingAlert.xib in Resources */ = {isa = PBXBuildFile; fileRef = EAC2954C1828B801003D1CCE /* DownloadingAlert.xib */; };
		EAC295541828B801003D1CCE /* popupBg.png in Resources */ = {isa = PBXBuildFile; fileRef = EAC2954D1828B801003D1CCE /* popupBg.png */; };
		EAC295551828B801003D1CCE /* popupBg@2x.png in Resources */ = {isa = PBXBuildFile; fileRef = EAC2954E1828B801003D1CCE /* popupBg@2x.png */; };
		EAC2955C1828C626003D1CCE /* apple.png in Resources */ = {isa = PBXBuildFile; fileRef = EAC2955A1828C626003D1CCE /* apple.png */; };
		EAC2955D1828C626003D1CCE /* apple2.png in Resources */ = {isa = PBXBuildFile; fileRef = EAC2955B1828C626003D1CCE /* apple2.png */; };
		EAC2955F1828C6F9003D1CCE /* QuartzCore.framework in Frameworks */ = {isa = PBXBuildFile; fileRef = EAC2955E1828C6F9003D1CCE /* QuartzCore.framework */; };
		EAC2956D1828F44F003D1CCE /* CreateDietNotifierView.m in Sources */ = {isa = PBXBuildFile; fileRef = EAC295671828F44F003D1CCE /* CreateDietNotifierView.m */; };
		EAC2956E1828F44F003D1CCE /* CustomAdView.m in Sources */ = {isa = PBXBuildFile; fileRef = EAC2956B1828F44F003D1CCE /* CustomAdView.m */; };
		EAC2956F1828F44F003D1CCE /* CustomAdView.xib in Resources */ = {isa = PBXBuildFile; fileRef = EAC2956C1828F44F003D1CCE /* CustomAdView.xib */; };
		EAC295711828F46B003D1CCE /* CreateDietNotifierView.xib in Resources */ = {isa = PBXBuildFile; fileRef = EAC295701828F46B003D1CCE /* CreateDietNotifierView.xib */; };
		F85A200F182B71BC001AB9A6 /* libSmartAdServer.a in Frameworks */ = {isa = PBXBuildFile; fileRef = F85A200D182B71BC001AB9A6 /* libSmartAdServer.a */; };
		F85A2010182B71BC001AB9A6 /* sas.bundle in Resources */ = {isa = PBXBuildFile; fileRef = F85A200E182B71BC001AB9A6 /* sas.bundle */; };
		F85A2012182B72E1001AB9A6 /* CoreMotion.framework in Frameworks */ = {isa = PBXBuildFile; fileRef = F85A2011182B72E1001AB9A6 /* CoreMotion.framework */; };
		F85A2014182B72FE001AB9A6 /* SystemConfiguration.framework in Frameworks */ = {isa = PBXBuildFile; fileRef = F85A2013182B72FE001AB9A6 /* SystemConfiguration.framework */; };
		F85A2016182B7307001AB9A6 /* AdSupport.framework in Frameworks */ = {isa = PBXBuildFile; fileRef = F85A2015182B7307001AB9A6 /* AdSupport.framework */; };
		F85A2018182B730F001AB9A6 /* MediaPlayer.framework in Frameworks */ = {isa = PBXBuildFile; fileRef = F85A2017182B730F001AB9A6 /* MediaPlayer.framework */; };
		F85A201A182B7363001AB9A6 /* EventKit.framework in Frameworks */ = {isa = PBXBuildFile; fileRef = F85A2019182B7363001AB9A6 /* EventKit.framework */; };
		F85A201C182B736A001AB9A6 /* EventKitUI.framework in Frameworks */ = {isa = PBXBuildFile; fileRef = F85A201B182B736A001AB9A6 /* EventKitUI.framework */; };
		F85A204A182B8E02001AB9A6 /* Kal.bundle in Resources */ = {isa = PBXBuildFile; fileRef = F85A202F182B8E02001AB9A6 /* Kal.bundle */; };
		F85A204B182B8E02001AB9A6 /* KalDataSource.m in Sources */ = {isa = PBXBuildFile; fileRef = F85A2036182B8E02001AB9A6 /* KalDataSource.m */; settings = {COMPILER_FLAGS = "-fno-objc-arc"; }; };
		F85A204C182B8E02001AB9A6 /* KalDate.m in Sources */ = {isa = PBXBuildFile; fileRef = F85A2038182B8E02001AB9A6 /* KalDate.m */; settings = {COMPILER_FLAGS = "-fno-objc-arc"; }; };
		F85A204D182B8E02001AB9A6 /* KalGridView.m in Sources */ = {isa = PBXBuildFile; fileRef = F85A203A182B8E02001AB9A6 /* KalGridView.m */; settings = {COMPILER_FLAGS = "-fno-objc-arc"; }; };
		F85A204E182B8E02001AB9A6 /* KalLogic.m in Sources */ = {isa = PBXBuildFile; fileRef = F85A203C182B8E02001AB9A6 /* KalLogic.m */; settings = {COMPILER_FLAGS = "-fno-objc-arc"; }; };
		F85A204F182B8E02001AB9A6 /* KalMonthView.m in Sources */ = {isa = PBXBuildFile; fileRef = F85A203E182B8E02001AB9A6 /* KalMonthView.m */; settings = {COMPILER_FLAGS = "-fno-objc-arc"; }; };
		F85A2050182B8E02001AB9A6 /* KalTileView.m in Sources */ = {isa = PBXBuildFile; fileRef = F85A2041182B8E02001AB9A6 /* KalTileView.m */; settings = {COMPILER_FLAGS = "-fno-objc-arc"; }; };
		F85A2051182B8E02001AB9A6 /* KalView.m in Sources */ = {isa = PBXBuildFile; fileRef = F85A2043182B8E02001AB9A6 /* KalView.m */; settings = {COMPILER_FLAGS = "-fno-objc-arc"; }; };
		F85A2052182B8E02001AB9A6 /* KalViewController.m in Sources */ = {isa = PBXBuildFile; fileRef = F85A2045182B8E02001AB9A6 /* KalViewController.m */; settings = {COMPILER_FLAGS = "-fno-objc-arc"; }; };
		F85A2053182B8E02001AB9A6 /* NSDateAdditions.m in Sources */ = {isa = PBXBuildFile; fileRef = F85A2047182B8E02001AB9A6 /* NSDateAdditions.m */; settings = {COMPILER_FLAGS = "-fno-objc-arc"; }; };
		F85A2054182B8E02001AB9A6 /* UIViewAdditions.m in Sources */ = {isa = PBXBuildFile; fileRef = F85A2049182B8E02001AB9A6 /* UIViewAdditions.m */; };
		F85A20A1182BBC97001AB9A6 /* DietPackageCell.m in Sources */ = {isa = PBXBuildFile; fileRef = F85A2094182BBC97001AB9A6 /* DietPackageCell.m */; };
		F85A20A2182BBC97001AB9A6 /* DietPackageCell.xib in Resources */ = {isa = PBXBuildFile; fileRef = F85A2095182BBC97001AB9A6 /* DietPackageCell.xib */; };
		F85A20A3182BBC97001AB9A6 /* DietPlannerSimpleCell.m in Sources */ = {isa = PBXBuildFile; fileRef = F85A2098182BBC97001AB9A6 /* DietPlannerSimpleCell.m */; };
		F85A20A4182BBC97001AB9A6 /* DietPlannerSimpleCell.xib in Resources */ = {isa = PBXBuildFile; fileRef = F85A2099182BBC97001AB9A6 /* DietPlannerSimpleCell.xib */; };
		F85A20A5182BBC97001AB9A6 /* DietPlannerSpecialCell.m in Sources */ = {isa = PBXBuildFile; fileRef = F85A209B182BBC97001AB9A6 /* DietPlannerSpecialCell.m */; };
		F85A20A6182BBC97001AB9A6 /* DietPlannerSpecialCell.xib in Resources */ = {isa = PBXBuildFile; fileRef = F85A209C182BBC97001AB9A6 /* DietPlannerSpecialCell.xib */; };
		F85A20A7182BBC97001AB9A6 /* OwnDietCustomCell.m in Sources */ = {isa = PBXBuildFile; fileRef = F85A209F182BBC97001AB9A6 /* OwnDietCustomCell.m */; };
		F85A20A8182BBC97001AB9A6 /* OwnDietCustomCell.xib in Resources */ = {isa = PBXBuildFile; fileRef = F85A20A0182BBC97001AB9A6 /* OwnDietCustomCell.xib */; };
		F8A06026183092BC00717B58 /* ShoppingListCell.m in Sources */ = {isa = PBXBuildFile; fileRef = F8A06024183092BC00717B58 /* ShoppingListCell.m */; };
		F8A06027183092BC00717B58 /* ShoppingListCell.xib in Resources */ = {isa = PBXBuildFile; fileRef = F8A06025183092BC00717B58 /* ShoppingListCell.xib */; };
		F8A0602B183092CA00717B58 /* UnderLineLabel.m in Sources */ = {isa = PBXBuildFile; fileRef = F8A0602A183092CA00717B58 /* UnderLineLabel.m */; };
		F8A06030183092E400717B58 /* ShoppingListNotifier.m in Sources */ = {isa = PBXBuildFile; fileRef = F8A0602E183092E400717B58 /* ShoppingListNotifier.m */; };
		F8A06031183092E400717B58 /* ShoppingListNotifier.xib in Resources */ = {isa = PBXBuildFile; fileRef = F8A0602F183092E400717B58 /* ShoppingListNotifier.xib */; };
		F8A0603C1830C39F00717B58 /* DietPackageDetailCell.m in Sources */ = {isa = PBXBuildFile; fileRef = F8A0603A1830C39F00717B58 /* DietPackageDetailCell.m */; };
		F8A0603D1830C39F00717B58 /* DietPackageDetailCell.xib in Resources */ = {isa = PBXBuildFile; fileRef = F8A0603B1830C39F00717B58 /* DietPackageDetailCell.xib */; };
		F8A060411830C89000717B58 /* LeftImageCell.m in Sources */ = {isa = PBXBuildFile; fileRef = F8A060401830C89000717B58 /* LeftImageCell.m */; };
		F8A060431830C8B100717B58 /* LeftImageCell.xib in Resources */ = {isa = PBXBuildFile; fileRef = F8A060421830C8B100717B58 /* LeftImageCell.xib */; };
		F8A0604C1830E70900717B58 /* MainProfilePersonalInfoCell.m in Sources */ = {isa = PBXBuildFile; fileRef = F8A0604B1830E70900717B58 /* MainProfilePersonalInfoCell.m */; };
		F8A0604E1830E71F00717B58 /* MainProfilePersonalInfoCell.xib in Resources */ = {isa = PBXBuildFile; fileRef = F8A0604D1830E71F00717B58 /* MainProfilePersonalInfoCell.xib */; };
		F8A06088183106C800717B58 /* AccountViewController.m in Sources */ = {isa = PBXBuildFile; fileRef = F8A06073183106C800717B58 /* AccountViewController.m */; };
		F8A06089183106C800717B58 /* CreateDietViewController.m in Sources */ = {isa = PBXBuildFile; fileRef = F8A06075183106C800717B58 /* CreateDietViewController.m */; };
		F8A0608A183106C800717B58 /* DashboardViewController.m in Sources */ = {isa = PBXBuildFile; fileRef = F8A06077183106C800717B58 /* DashboardViewController.m */; };
		F8A0608B183106C800717B58 /* DietPackageBuyViewController.m in Sources */ = {isa = PBXBuildFile; fileRef = F8A06079183106C800717B58 /* DietPackageBuyViewController.m */; };
		F8A0608C183106C800717B58 /* DietPackageDetailViewController.m in Sources */ = {isa = PBXBuildFile; fileRef = F8A0607B183106C800717B58 /* DietPackageDetailViewController.m */; };
		F8A0608D183106C800717B58 /* DietPackageTableViewController.m in Sources */ = {isa = PBXBuildFile; fileRef = F8A0607D183106C800717B58 /* DietPackageTableViewController.m */; };
		F8A0608E183106C800717B58 /* DietPlannerCalendarViewController.m in Sources */ = {isa = PBXBuildFile; fileRef = F8A0607F183106C800717B58 /* DietPlannerCalendarViewController.m */; };
		F8A0608F183106C800717B58 /* DietPlannerViewController.m in Sources */ = {isa = PBXBuildFile; fileRef = F8A06081183106C800717B58 /* DietPlannerViewController.m */; };
		F8A06090183106C800717B58 /* MainProfileViewController.m in Sources */ = {isa = PBXBuildFile; fileRef = F8A06083183106C800717B58 /* MainProfileViewController.m */; };
		F8A06091183106C800717B58 /* OwnDietViewController.m in Sources */ = {isa = PBXBuildFile; fileRef = F8A06085183106C800717B58 /* OwnDietViewController.m */; };
		F8A06092183106C800717B58 /* ShoppingListViewController.m in Sources */ = {isa = PBXBuildFile; fileRef = F8A06087183106C800717B58 /* ShoppingListViewController.m */; };
		F8A0609918310B1900717B58 /* PersonalInfo.m in Sources */ = {isa = PBXBuildFile; fileRef = F8A0609818310B1900717B58 /* PersonalInfo.m */; };
		F8A0609D18310B3E00717B58 /* PersonalInfo.xib in Resources */ = {isa = PBXBuildFile; fileRef = F8A0609C18310B3E00717B58 /* PersonalInfo.xib */; };
/* End PBXBuildFile section */

/* Begin PBXContainerItemProxy section */
		EA9ACA7118212E82003C9D12 /* PBXContainerItemProxy */ = {
			isa = PBXContainerItemProxy;
			containerPortal = EA9ACA4318212E82003C9D12 /* Project object */;
			proxyType = 1;
			remoteGlobalIDString = EA9ACA4A18212E82003C9D12;
			remoteInfo = SchlankFit;
		};
		F85A2056182B8E02001AB9A6 /* PBXContainerItemProxy */ = {
			isa = PBXContainerItemProxy;
			containerPortal = F85A2031182B8E02001AB9A6 /* Kal.xcodeproj */;
			proxyType = 2;
			remoteGlobalIDString = D2AAC07E0554694100DB518D;
			remoteInfo = Kal;
		};
/* End PBXContainerItemProxy section */

/* Begin PBXFileReference section */
		EA9ACA4B18212E82003C9D12 /* SchlankFit.app */ = {isa = PBXFileReference; explicitFileType = wrapper.application; includeInIndex = 0; path = SchlankFit.app; sourceTree = BUILT_PRODUCTS_DIR; };
		EA9ACA4E18212E82003C9D12 /* Foundation.framework */ = {isa = PBXFileReference; lastKnownFileType = wrapper.framework; name = Foundation.framework; path = System/Library/Frameworks/Foundation.framework; sourceTree = SDKROOT; };
		EA9ACA5018212E82003C9D12 /* CoreGraphics.framework */ = {isa = PBXFileReference; lastKnownFileType = wrapper.framework; name = CoreGraphics.framework; path = System/Library/Frameworks/CoreGraphics.framework; sourceTree = SDKROOT; };
		EA9ACA5218212E82003C9D12 /* UIKit.framework */ = {isa = PBXFileReference; lastKnownFileType = wrapper.framework; name = UIKit.framework; path = System/Library/Frameworks/UIKit.framework; sourceTree = SDKROOT; };
		EA9ACA5618212E82003C9D12 /* SchlankFit-Info.plist */ = {isa = PBXFileReference; lastKnownFileType = text.plist.xml; path = "SchlankFit-Info.plist"; sourceTree = "<group>"; };
		EA9ACA5818212E82003C9D12 /* en */ = {isa = PBXFileReference; lastKnownFileType = text.plist.strings; name = en; path = en.lproj/InfoPlist.strings; sourceTree = "<group>"; };
		EA9ACA5A18212E82003C9D12 /* main.m */ = {isa = PBXFileReference; lastKnownFileType = sourcecode.c.objc; path = main.m; sourceTree = "<group>"; };
		EA9ACA5C18212E82003C9D12 /* SchlankFit-Prefix.pch */ = {isa = PBXFileReference; lastKnownFileType = sourcecode.c.h; path = "SchlankFit-Prefix.pch"; sourceTree = "<group>"; };
		EA9ACA5D18212E82003C9D12 /* AppDelegate.h */ = {isa = PBXFileReference; lastKnownFileType = sourcecode.c.h; path = AppDelegate.h; sourceTree = "<group>"; };
		EA9ACA5E18212E82003C9D12 /* AppDelegate.m */ = {isa = PBXFileReference; lastKnownFileType = sourcecode.c.objc; path = AppDelegate.m; sourceTree = "<group>"; };
		EA9ACA6118212E82003C9D12 /* Base */ = {isa = PBXFileReference; lastKnownFileType = file.storyboard; name = Base; path = Base.lproj/Main.storyboard; sourceTree = "<group>"; };
		EA9ACA6318212E82003C9D12 /* SplashViewController.h */ = {isa = PBXFileReference; lastKnownFileType = sourcecode.c.h; path = SplashViewController.h; sourceTree = "<group>"; };
		EA9ACA6418212E82003C9D12 /* SplashViewController.m */ = {isa = PBXFileReference; lastKnownFileType = sourcecode.c.objc; path = SplashViewController.m; sourceTree = "<group>"; };
		EA9ACA6618212E82003C9D12 /* Images.xcassets */ = {isa = PBXFileReference; lastKnownFileType = folder.assetcatalog; path = Images.xcassets; sourceTree = "<group>"; };
		EA9ACA6C18212E82003C9D12 /* SchlankFitTests.xctest */ = {isa = PBXFileReference; explicitFileType = wrapper.cfbundle; includeInIndex = 0; path = SchlankFitTests.xctest; sourceTree = BUILT_PRODUCTS_DIR; };
		EA9ACA6D18212E82003C9D12 /* XCTest.framework */ = {isa = PBXFileReference; lastKnownFileType = wrapper.framework; name = XCTest.framework; path = Library/Frameworks/XCTest.framework; sourceTree = DEVELOPER_DIR; };
		EA9ACA7518212E82003C9D12 /* SchlankFitTests-Info.plist */ = {isa = PBXFileReference; lastKnownFileType = text.plist.xml; path = "SchlankFitTests-Info.plist"; sourceTree = "<group>"; };
		EA9ACA7718212E82003C9D12 /* en */ = {isa = PBXFileReference; lastKnownFileType = text.plist.strings; name = en; path = en.lproj/InfoPlist.strings; sourceTree = "<group>"; };
		EA9ACA7918212E82003C9D12 /* SchlankFitTests.m */ = {isa = PBXFileReference; lastKnownFileType = sourcecode.c.objc; path = SchlankFitTests.m; sourceTree = "<group>"; };
		EAC295411828B801003D1CCE /* MNMRemoteImageView.h */ = {isa = PBXFileReference; fileEncoding = 4; lastKnownFileType = sourcecode.c.h; path = MNMRemoteImageView.h; sourceTree = "<group>"; };
		EAC295421828B801003D1CCE /* MNMRemoteImageView.m */ = {isa = PBXFileReference; fileEncoding = 4; lastKnownFileType = sourcecode.c.objc; path = MNMRemoteImageView.m; sourceTree = "<group>"; };
		EAC295441828B801003D1CCE /* NIDropDown.h */ = {isa = PBXFileReference; fileEncoding = 4; lastKnownFileType = sourcecode.c.h; path = NIDropDown.h; sourceTree = "<group>"; };
		EAC295451828B801003D1CCE /* NIDropDown.m */ = {isa = PBXFileReference; fileEncoding = 4; lastKnownFileType = sourcecode.c.objc; path = NIDropDown.m; sourceTree = "<group>"; };
		EAC295471828B801003D1CCE /* DialogView.h */ = {isa = PBXFileReference; fileEncoding = 4; lastKnownFileType = sourcecode.c.h; path = DialogView.h; sourceTree = "<group>"; };
		EAC295481828B801003D1CCE /* DialogView.m */ = {isa = PBXFileReference; fileEncoding = 4; lastKnownFileType = sourcecode.c.objc; path = DialogView.m; sourceTree = "<group>"; };
		EAC2954A1828B801003D1CCE /* DownloadingAlert.h */ = {isa = PBXFileReference; fileEncoding = 4; lastKnownFileType = sourcecode.c.h; path = DownloadingAlert.h; sourceTree = "<group>"; };
		EAC2954B1828B801003D1CCE /* DownloadingAlert.m */ = {isa = PBXFileReference; fileEncoding = 4; lastKnownFileType = sourcecode.c.objc; path = DownloadingAlert.m; sourceTree = "<group>"; };
		EAC2954C1828B801003D1CCE /* DownloadingAlert.xib */ = {isa = PBXFileReference; fileEncoding = 4; lastKnownFileType = file.xib; path = DownloadingAlert.xib; sourceTree = "<group>"; };
		EAC2954D1828B801003D1CCE /* popupBg.png */ = {isa = PBXFileReference; lastKnownFileType = image.png; path = popupBg.png; sourceTree = "<group>"; };
		EAC2954E1828B801003D1CCE /* popupBg@2x.png */ = {isa = PBXFileReference; lastKnownFileType = image.png; path = "popupBg@2x.png"; sourceTree = "<group>"; };
		EAC2955A1828C626003D1CCE /* apple.png */ = {isa = PBXFileReference; lastKnownFileType = image.png; path = apple.png; sourceTree = "<group>"; };
		EAC2955B1828C626003D1CCE /* apple2.png */ = {isa = PBXFileReference; lastKnownFileType = image.png; path = apple2.png; sourceTree = "<group>"; };
		EAC2955E1828C6F9003D1CCE /* QuartzCore.framework */ = {isa = PBXFileReference; lastKnownFileType = wrapper.framework; name = QuartzCore.framework; path = System/Library/Frameworks/QuartzCore.framework; sourceTree = SDKROOT; };
		EAC295661828F44F003D1CCE /* CreateDietNotifierView.h */ = {isa = PBXFileReference; fileEncoding = 4; lastKnownFileType = sourcecode.c.h; path = CreateDietNotifierView.h; sourceTree = "<group>"; };
		EAC295671828F44F003D1CCE /* CreateDietNotifierView.m */ = {isa = PBXFileReference; fileEncoding = 4; lastKnownFileType = sourcecode.c.objc; path = CreateDietNotifierView.m; sourceTree = "<group>"; };
		EAC2956A1828F44F003D1CCE /* CustomAdView.h */ = {isa = PBXFileReference; fileEncoding = 4; lastKnownFileType = sourcecode.c.h; path = CustomAdView.h; sourceTree = "<group>"; };
		EAC2956B1828F44F003D1CCE /* CustomAdView.m */ = {isa = PBXFileReference; fileEncoding = 4; lastKnownFileType = sourcecode.c.objc; path = CustomAdView.m; sourceTree = "<group>"; };
		EAC2956C1828F44F003D1CCE /* CustomAdView.xib */ = {isa = PBXFileReference; fileEncoding = 4; lastKnownFileType = file.xib; path = CustomAdView.xib; sourceTree = "<group>"; };
		EAC295701828F46B003D1CCE /* CreateDietNotifierView.xib */ = {isa = PBXFileReference; fileEncoding = 4; lastKnownFileType = file.xib; path = CreateDietNotifierView.xib; sourceTree = "<group>"; };
		F85A2006182B71BC001AB9A6 /* SASAdView.h */ = {isa = PBXFileReference; fileEncoding = 4; lastKnownFileType = sourcecode.c.h; path = SASAdView.h; sourceTree = "<group>"; };
		F85A2007182B71BC001AB9A6 /* SASAdViewDelegate.h */ = {isa = PBXFileReference; fileEncoding = 4; lastKnownFileType = sourcecode.c.h; path = SASAdViewDelegate.h; sourceTree = "<group>"; };
		F85A2008182B71BC001AB9A6 /* SASBannerView.h */ = {isa = PBXFileReference; fileEncoding = 4; lastKnownFileType = sourcecode.c.h; path = SASBannerView.h; sourceTree = "<group>"; };
		F85A2009182B71BC001AB9A6 /* SASInterstitialView.h */ = {isa = PBXFileReference; fileEncoding = 4; lastKnownFileType = sourcecode.c.h; path = SASInterstitialView.h; sourceTree = "<group>"; };
		F85A200A182B71BC001AB9A6 /* SmartAdServerAd.h */ = {isa = PBXFileReference; fileEncoding = 4; lastKnownFileType = sourcecode.c.h; path = SmartAdServerAd.h; sourceTree = "<group>"; };
		F85A200B182B71BC001AB9A6 /* SmartAdServerView.h */ = {isa = PBXFileReference; fileEncoding = 4; lastKnownFileType = sourcecode.c.h; path = SmartAdServerView.h; sourceTree = "<group>"; };
		F85A200C182B71BC001AB9A6 /* SmartAdServerViewDelegate.h */ = {isa = PBXFileReference; fileEncoding = 4; lastKnownFileType = sourcecode.c.h; path = SmartAdServerViewDelegate.h; sourceTree = "<group>"; };
		F85A200D182B71BC001AB9A6 /* libSmartAdServer.a */ = {isa = PBXFileReference; lastKnownFileType = archive.ar; path = libSmartAdServer.a; sourceTree = "<group>"; };
		F85A200E182B71BC001AB9A6 /* sas.bundle */ = {isa = PBXFileReference; lastKnownFileType = "wrapper.plug-in"; path = sas.bundle; sourceTree = "<group>"; };
		F85A2011182B72E1001AB9A6 /* CoreMotion.framework */ = {isa = PBXFileReference; lastKnownFileType = wrapper.framework; name = CoreMotion.framework; path = System/Library/Frameworks/CoreMotion.framework; sourceTree = SDKROOT; };
		F85A2013182B72FE001AB9A6 /* SystemConfiguration.framework */ = {isa = PBXFileReference; lastKnownFileType = wrapper.framework; name = SystemConfiguration.framework; path = System/Library/Frameworks/SystemConfiguration.framework; sourceTree = SDKROOT; };
		F85A2015182B7307001AB9A6 /* AdSupport.framework */ = {isa = PBXFileReference; lastKnownFileType = wrapper.framework; name = AdSupport.framework; path = System/Library/Frameworks/AdSupport.framework; sourceTree = SDKROOT; };
		F85A2017182B730F001AB9A6 /* MediaPlayer.framework */ = {isa = PBXFileReference; lastKnownFileType = wrapper.framework; name = MediaPlayer.framework; path = System/Library/Frameworks/MediaPlayer.framework; sourceTree = SDKROOT; };
		F85A2019182B7363001AB9A6 /* EventKit.framework */ = {isa = PBXFileReference; lastKnownFileType = wrapper.framework; name = EventKit.framework; path = System/Library/Frameworks/EventKit.framework; sourceTree = SDKROOT; };
		F85A201B182B736A001AB9A6 /* EventKitUI.framework */ = {isa = PBXFileReference; lastKnownFileType = wrapper.framework; name = EventKitUI.framework; path = System/Library/Frameworks/EventKitUI.framework; sourceTree = SDKROOT; };
		F85A202F182B8E02001AB9A6 /* Kal.bundle */ = {isa = PBXFileReference; lastKnownFileType = "wrapper.plug-in"; path = Kal.bundle; sourceTree = "<group>"; };
		F85A2030182B8E02001AB9A6 /* Kal.h */ = {isa = PBXFileReference; fileEncoding = 4; lastKnownFileType = sourcecode.c.h; path = Kal.h; sourceTree = "<group>"; };
		F85A2031182B8E02001AB9A6 /* Kal.xcodeproj */ = {isa = PBXFileReference; lastKnownFileType = "wrapper.pb-project"; path = Kal.xcodeproj; sourceTree = "<group>"; };
		F85A2034182B8E02001AB9A6 /* Kal_Prefix.pch */ = {isa = PBXFileReference; fileEncoding = 4; lastKnownFileType = sourcecode.c.h; path = Kal_Prefix.pch; sourceTree = "<group>"; };
		F85A2035182B8E02001AB9A6 /* KalDataSource.h */ = {isa = PBXFileReference; fileEncoding = 4; lastKnownFileType = sourcecode.c.h; path = KalDataSource.h; sourceTree = "<group>"; };
		F85A2036182B8E02001AB9A6 /* KalDataSource.m */ = {isa = PBXFileReference; fileEncoding = 4; lastKnownFileType = sourcecode.c.objc; path = KalDataSource.m; sourceTree = "<group>"; };
		F85A2037182B8E02001AB9A6 /* KalDate.h */ = {isa = PBXFileReference; fileEncoding = 4; lastKnownFileType = sourcecode.c.h; path = KalDate.h; sourceTree = "<group>"; };
		F85A2038182B8E02001AB9A6 /* KalDate.m */ = {isa = PBXFileReference; fileEncoding = 4; lastKnownFileType = sourcecode.c.objc; path = KalDate.m; sourceTree = "<group>"; };
		F85A2039182B8E02001AB9A6 /* KalGridView.h */ = {isa = PBXFileReference; fileEncoding = 4; lastKnownFileType = sourcecode.c.h; path = KalGridView.h; sourceTree = "<group>"; };
		F85A203A182B8E02001AB9A6 /* KalGridView.m */ = {isa = PBXFileReference; fileEncoding = 4; lastKnownFileType = sourcecode.c.objc; path = KalGridView.m; sourceTree = "<group>"; };
		F85A203B182B8E02001AB9A6 /* KalLogic.h */ = {isa = PBXFileReference; fileEncoding = 4; lastKnownFileType = sourcecode.c.h; path = KalLogic.h; sourceTree = "<group>"; };
		F85A203C182B8E02001AB9A6 /* KalLogic.m */ = {isa = PBXFileReference; fileEncoding = 4; lastKnownFileType = sourcecode.c.objc; path = KalLogic.m; sourceTree = "<group>"; };
		F85A203D182B8E02001AB9A6 /* KalMonthView.h */ = {isa = PBXFileReference; fileEncoding = 4; lastKnownFileType = sourcecode.c.h; path = KalMonthView.h; sourceTree = "<group>"; };
		F85A203E182B8E02001AB9A6 /* KalMonthView.m */ = {isa = PBXFileReference; fileEncoding = 4; lastKnownFileType = sourcecode.c.objc; path = KalMonthView.m; sourceTree = "<group>"; };
		F85A203F182B8E02001AB9A6 /* KalPrivate.h */ = {isa = PBXFileReference; fileEncoding = 4; lastKnownFileType = sourcecode.c.h; path = KalPrivate.h; sourceTree = "<group>"; };
		F85A2040182B8E02001AB9A6 /* KalTileView.h */ = {isa = PBXFileReference; fileEncoding = 4; lastKnownFileType = sourcecode.c.h; path = KalTileView.h; sourceTree = "<group>"; };
		F85A2041182B8E02001AB9A6 /* KalTileView.m */ = {isa = PBXFileReference; fileEncoding = 4; lastKnownFileType = sourcecode.c.objc; path = KalTileView.m; sourceTree = "<group>"; };
		F85A2042182B8E02001AB9A6 /* KalView.h */ = {isa = PBXFileReference; fileEncoding = 4; lastKnownFileType = sourcecode.c.h; path = KalView.h; sourceTree = "<group>"; };
		F85A2043182B8E02001AB9A6 /* KalView.m */ = {isa = PBXFileReference; fileEncoding = 4; lastKnownFileType = sourcecode.c.objc; path = KalView.m; sourceTree = "<group>"; };
		F85A2044182B8E02001AB9A6 /* KalViewController.h */ = {isa = PBXFileReference; fileEncoding = 4; lastKnownFileType = sourcecode.c.h; path = KalViewController.h; sourceTree = "<group>"; };
		F85A2045182B8E02001AB9A6 /* KalViewController.m */ = {isa = PBXFileReference; fileEncoding = 4; lastKnownFileType = sourcecode.c.objc; path = KalViewController.m; sourceTree = "<group>"; };
		F85A2046182B8E02001AB9A6 /* NSDateAdditions.h */ = {isa = PBXFileReference; fileEncoding = 4; lastKnownFileType = sourcecode.c.h; path = NSDateAdditions.h; sourceTree = "<group>"; };
		F85A2047182B8E02001AB9A6 /* NSDateAdditions.m */ = {isa = PBXFileReference; fileEncoding = 4; lastKnownFileType = sourcecode.c.objc; path = NSDateAdditions.m; sourceTree = "<group>"; };
		F85A2048182B8E02001AB9A6 /* UIViewAdditions.h */ = {isa = PBXFileReference; fileEncoding = 4; lastKnownFileType = sourcecode.c.h; path = UIViewAdditions.h; sourceTree = "<group>"; };
		F85A2049182B8E02001AB9A6 /* UIViewAdditions.m */ = {isa = PBXFileReference; fileEncoding = 4; lastKnownFileType = sourcecode.c.objc; path = UIViewAdditions.m; sourceTree = "<group>"; };
		F85A2093182BBC97001AB9A6 /* DietPackageCell.h */ = {isa = PBXFileReference; fileEncoding = 4; lastKnownFileType = sourcecode.c.h; path = DietPackageCell.h; sourceTree = "<group>"; };
		F85A2094182BBC97001AB9A6 /* DietPackageCell.m */ = {isa = PBXFileReference; fileEncoding = 4; lastKnownFileType = sourcecode.c.objc; path = DietPackageCell.m; sourceTree = "<group>"; };
		F85A2095182BBC97001AB9A6 /* DietPackageCell.xib */ = {isa = PBXFileReference; fileEncoding = 4; lastKnownFileType = file.xib; path = DietPackageCell.xib; sourceTree = "<group>"; };
		F85A2097182BBC97001AB9A6 /* DietPlannerSimpleCell.h */ = {isa = PBXFileReference; fileEncoding = 4; lastKnownFileType = sourcecode.c.h; path = DietPlannerSimpleCell.h; sourceTree = "<group>"; };
		F85A2098182BBC97001AB9A6 /* DietPlannerSimpleCell.m */ = {isa = PBXFileReference; fileEncoding = 4; lastKnownFileType = sourcecode.c.objc; path = DietPlannerSimpleCell.m; sourceTree = "<group>"; };
		F85A2099182BBC97001AB9A6 /* DietPlannerSimpleCell.xib */ = {isa = PBXFileReference; fileEncoding = 4; lastKnownFileType = file.xib; path = DietPlannerSimpleCell.xib; sourceTree = "<group>"; };
		F85A209A182BBC97001AB9A6 /* DietPlannerSpecialCell.h */ = {isa = PBXFileReference; fileEncoding = 4; lastKnownFileType = sourcecode.c.h; path = DietPlannerSpecialCell.h; sourceTree = "<group>"; };
		F85A209B182BBC97001AB9A6 /* DietPlannerSpecialCell.m */ = {isa = PBXFileReference; fileEncoding = 4; lastKnownFileType = sourcecode.c.objc; path = DietPlannerSpecialCell.m; sourceTree = "<group>"; };
		F85A209C182BBC97001AB9A6 /* DietPlannerSpecialCell.xib */ = {isa = PBXFileReference; fileEncoding = 4; lastKnownFileType = file.xib; path = DietPlannerSpecialCell.xib; sourceTree = "<group>"; };
		F85A209E182BBC97001AB9A6 /* OwnDietCustomCell.h */ = {isa = PBXFileReference; fileEncoding = 4; lastKnownFileType = sourcecode.c.h; path = OwnDietCustomCell.h; sourceTree = "<group>"; };
		F85A209F182BBC97001AB9A6 /* OwnDietCustomCell.m */ = {isa = PBXFileReference; fileEncoding = 4; lastKnownFileType = sourcecode.c.objc; path = OwnDietCustomCell.m; sourceTree = "<group>"; };
		F85A20A0182BBC97001AB9A6 /* OwnDietCustomCell.xib */ = {isa = PBXFileReference; fileEncoding = 4; lastKnownFileType = file.xib; path = OwnDietCustomCell.xib; sourceTree = "<group>"; };
		F8A06023183092BC00717B58 /* ShoppingListCell.h */ = {isa = PBXFileReference; fileEncoding = 4; lastKnownFileType = sourcecode.c.h; path = ShoppingListCell.h; sourceTree = "<group>"; };
		F8A06024183092BC00717B58 /* ShoppingListCell.m */ = {isa = PBXFileReference; fileEncoding = 4; lastKnownFileType = sourcecode.c.objc; path = ShoppingListCell.m; sourceTree = "<group>"; };
		F8A06025183092BC00717B58 /* ShoppingListCell.xib */ = {isa = PBXFileReference; fileEncoding = 4; lastKnownFileType = file.xib; path = ShoppingListCell.xib; sourceTree = "<group>"; };
		F8A06029183092CA00717B58 /* UnderLineLabel.h */ = {isa = PBXFileReference; fileEncoding = 4; lastKnownFileType = sourcecode.c.h; path = UnderLineLabel.h; sourceTree = "<group>"; };
		F8A0602A183092CA00717B58 /* UnderLineLabel.m */ = {isa = PBXFileReference; fileEncoding = 4; lastKnownFileType = sourcecode.c.objc; path = UnderLineLabel.m; sourceTree = "<group>"; };
		F8A0602D183092E400717B58 /* ShoppingListNotifier.h */ = {isa = PBXFileReference; fileEncoding = 4; lastKnownFileType = sourcecode.c.h; path = ShoppingListNotifier.h; sourceTree = "<group>"; };
		F8A0602E183092E400717B58 /* ShoppingListNotifier.m */ = {isa = PBXFileReference; fileEncoding = 4; lastKnownFileType = sourcecode.c.objc; path = ShoppingListNotifier.m; sourceTree = "<group>"; };
		F8A0602F183092E400717B58 /* ShoppingListNotifier.xib */ = {isa = PBXFileReference; fileEncoding = 4; lastKnownFileType = file.xib; path = ShoppingListNotifier.xib; sourceTree = "<group>"; };
		F8A060391830C39F00717B58 /* DietPackageDetailCell.h */ = {isa = PBXFileReference; fileEncoding = 4; lastKnownFileType = sourcecode.c.h; path = DietPackageDetailCell.h; sourceTree = "<group>"; };
		F8A0603A1830C39F00717B58 /* DietPackageDetailCell.m */ = {isa = PBXFileReference; fileEncoding = 4; lastKnownFileType = sourcecode.c.objc; path = DietPackageDetailCell.m; sourceTree = "<group>"; };
		F8A0603B1830C39F00717B58 /* DietPackageDetailCell.xib */ = {isa = PBXFileReference; fileEncoding = 4; lastKnownFileType = file.xib; path = DietPackageDetailCell.xib; sourceTree = "<group>"; };
		F8A0603F1830C89000717B58 /* LeftImageCell.h */ = {isa = PBXFileReference; fileEncoding = 4; lastKnownFileType = sourcecode.c.h; path = LeftImageCell.h; sourceTree = "<group>"; };
		F8A060401830C89000717B58 /* LeftImageCell.m */ = {isa = PBXFileReference; fileEncoding = 4; lastKnownFileType = sourcecode.c.objc; path = LeftImageCell.m; sourceTree = "<group>"; };
		F8A060421830C8B100717B58 /* LeftImageCell.xib */ = {isa = PBXFileReference; fileEncoding = 4; lastKnownFileType = file.xib; path = LeftImageCell.xib; sourceTree = "<group>"; };
		F8A0604A1830E70900717B58 /* MainProfilePersonalInfoCell.h */ = {isa = PBXFileReference; fileEncoding = 4; lastKnownFileType = sourcecode.c.h; path = MainProfilePersonalInfoCell.h; sourceTree = "<group>"; };
		F8A0604B1830E70900717B58 /* MainProfilePersonalInfoCell.m */ = {isa = PBXFileReference; fileEncoding = 4; lastKnownFileType = sourcecode.c.objc; path = MainProfilePersonalInfoCell.m; sourceTree = "<group>"; };
		F8A0604D1830E71F00717B58 /* MainProfilePersonalInfoCell.xib */ = {isa = PBXFileReference; fileEncoding = 4; lastKnownFileType = file.xib; path = MainProfilePersonalInfoCell.xib; sourceTree = "<group>"; };
		F8A06072183106C800717B58 /* AccountViewController.h */ = {isa = PBXFileReference; fileEncoding = 4; lastKnownFileType = sourcecode.c.h; path = AccountViewController.h; sourceTree = "<group>"; };
		F8A06073183106C800717B58 /* AccountViewController.m */ = {isa = PBXFileReference; fileEncoding = 4; lastKnownFileType = sourcecode.c.objc; path = AccountViewController.m; sourceTree = "<group>"; };
		F8A06074183106C800717B58 /* CreateDietViewController.h */ = {isa = PBXFileReference; fileEncoding = 4; lastKnownFileType = sourcecode.c.h; path = CreateDietViewController.h; sourceTree = "<group>"; };
		F8A06075183106C800717B58 /* CreateDietViewController.m */ = {isa = PBXFileReference; fileEncoding = 4; lastKnownFileType = sourcecode.c.objc; path = CreateDietViewController.m; sourceTree = "<group>"; };
		F8A06076183106C800717B58 /* DashboardViewController.h */ = {isa = PBXFileReference; fileEncoding = 4; lastKnownFileType = sourcecode.c.h; path = DashboardViewController.h; sourceTree = "<group>"; };
		F8A06077183106C800717B58 /* DashboardViewController.m */ = {isa = PBXFileReference; fileEncoding = 4; lastKnownFileType = sourcecode.c.objc; path = DashboardViewController.m; sourceTree = "<group>"; };
		F8A06078183106C800717B58 /* DietPackageBuyViewController.h */ = {isa = PBXFileReference; fileEncoding = 4; lastKnownFileType = sourcecode.c.h; path = DietPackageBuyViewController.h; sourceTree = "<group>"; };
		F8A06079183106C800717B58 /* DietPackageBuyViewController.m */ = {isa = PBXFileReference; fileEncoding = 4; lastKnownFileType = sourcecode.c.objc; path = DietPackageBuyViewController.m; sourceTree = "<group>"; };
		F8A0607A183106C800717B58 /* DietPackageDetailViewController.h */ = {isa = PBXFileReference; fileEncoding = 4; lastKnownFileType = sourcecode.c.h; path = DietPackageDetailViewController.h; sourceTree = "<group>"; };
		F8A0607B183106C800717B58 /* DietPackageDetailViewController.m */ = {isa = PBXFileReference; fileEncoding = 4; lastKnownFileType = sourcecode.c.objc; path = DietPackageDetailViewController.m; sourceTree = "<group>"; };
		F8A0607C183106C800717B58 /* DietPackageTableViewController.h */ = {isa = PBXFileReference; fileEncoding = 4; lastKnownFileType = sourcecode.c.h; path = DietPackageTableViewController.h; sourceTree = "<group>"; };
		F8A0607D183106C800717B58 /* DietPackageTableViewController.m */ = {isa = PBXFileReference; fileEncoding = 4; lastKnownFileType = sourcecode.c.objc; path = DietPackageTableViewController.m; sourceTree = "<group>"; };
		F8A0607E183106C800717B58 /* DietPlannerCalendarViewController.h */ = {isa = PBXFileReference; fileEncoding = 4; lastKnownFileType = sourcecode.c.h; path = DietPlannerCalendarViewController.h; sourceTree = "<group>"; };
		F8A0607F183106C800717B58 /* DietPlannerCalendarViewController.m */ = {isa = PBXFileReference; fileEncoding = 4; lastKnownFileType = sourcecode.c.objc; path = DietPlannerCalendarViewController.m; sourceTree = "<group>"; };
		F8A06080183106C800717B58 /* DietPlannerViewController.h */ = {isa = PBXFileReference; fileEncoding = 4; lastKnownFileType = sourcecode.c.h; path = DietPlannerViewController.h; sourceTree = "<group>"; };
		F8A06081183106C800717B58 /* DietPlannerViewController.m */ = {isa = PBXFileReference; fileEncoding = 4; lastKnownFileType = sourcecode.c.objc; path = DietPlannerViewController.m; sourceTree = "<group>"; };
		F8A06082183106C800717B58 /* MainProfileViewController.h */ = {isa = PBXFileReference; fileEncoding = 4; lastKnownFileType = sourcecode.c.h; path = MainProfileViewController.h; sourceTree = "<group>"; };
		F8A06083183106C800717B58 /* MainProfileViewController.m */ = {isa = PBXFileReference; fileEncoding = 4; lastKnownFileType = sourcecode.c.objc; path = MainProfileViewController.m; sourceTree = "<group>"; };
		F8A06084183106C800717B58 /* OwnDietViewController.h */ = {isa = PBXFileReference; fileEncoding = 4; lastKnownFileType = sourcecode.c.h; path = OwnDietViewController.h; sourceTree = "<group>"; };
		F8A06085183106C800717B58 /* OwnDietViewController.m */ = {isa = PBXFileReference; fileEncoding = 4; lastKnownFileType = sourcecode.c.objc; path = OwnDietViewController.m; sourceTree = "<group>"; };
		F8A06086183106C800717B58 /* ShoppingListViewController.h */ = {isa = PBXFileReference; fileEncoding = 4; lastKnownFileType = sourcecode.c.h; path = ShoppingListViewController.h; sourceTree = "<group>"; };
		F8A06087183106C800717B58 /* ShoppingListViewController.m */ = {isa = PBXFileReference; fileEncoding = 4; lastKnownFileType = sourcecode.c.objc; path = ShoppingListViewController.m; sourceTree = "<group>"; };
		F8A0609718310B1900717B58 /* PersonalInfo.h */ = {isa = PBXFileReference; fileEncoding = 4; lastKnownFileType = sourcecode.c.h; path = PersonalInfo.h; sourceTree = "<group>"; };
		F8A0609818310B1900717B58 /* PersonalInfo.m */ = {isa = PBXFileReference; fileEncoding = 4; lastKnownFileType = sourcecode.c.objc; path = PersonalInfo.m; sourceTree = "<group>"; };
		F8A0609C18310B3E00717B58 /* PersonalInfo.xib */ = {isa = PBXFileReference; fileEncoding = 4; lastKnownFileType = file.xib; path = PersonalInfo.xib; sourceTree = "<group>"; };
/* End PBXFileReference section */

/* Begin PBXFrameworksBuildPhase section */
		EA9ACA4818212E82003C9D12 /* Frameworks */ = {
			isa = PBXFrameworksBuildPhase;
			buildActionMask = 2147483647;
			files = (
				EA9ACA5318212E82003C9D12 /* UIKit.framework in Frameworks */,
				F85A201C182B736A001AB9A6 /* EventKitUI.framework in Frameworks */,
				F85A201A182B7363001AB9A6 /* EventKit.framework in Frameworks */,
				EA9ACA5118212E82003C9D12 /* CoreGraphics.framework in Frameworks */,
				F85A2018182B730F001AB9A6 /* MediaPlayer.framework in Frameworks */,
				F85A2016182B7307001AB9A6 /* AdSupport.framework in Frameworks */,
				F85A2014182B72FE001AB9A6 /* SystemConfiguration.framework in Frameworks */,
				F85A2012182B72E1001AB9A6 /* CoreMotion.framework in Frameworks */,
				EAC2955F1828C6F9003D1CCE /* QuartzCore.framework in Frameworks */,
				F85A200F182B71BC001AB9A6 /* libSmartAdServer.a in Frameworks */,
				EA9ACA4F18212E82003C9D12 /* Foundation.framework in Frameworks */,
			);
			runOnlyForDeploymentPostprocessing = 0;
		};
		EA9ACA6918212E82003C9D12 /* Frameworks */ = {
			isa = PBXFrameworksBuildPhase;
			buildActionMask = 2147483647;
			files = (
				EA9ACA6E18212E82003C9D12 /* XCTest.framework in Frameworks */,
				EA9ACA7018212E82003C9D12 /* UIKit.framework in Frameworks */,
				EA9ACA6F18212E82003C9D12 /* Foundation.framework in Frameworks */,
			);
			runOnlyForDeploymentPostprocessing = 0;
		};
/* End PBXFrameworksBuildPhase section */

/* Begin PBXGroup section */
		EA9ACA4218212E82003C9D12 = {
			isa = PBXGroup;
			children = (
				EAC2953F1828B801003D1CCE /* ThirdParty */,
				EA9ACA5418212E82003C9D12 /* SchlankFit */,
				EA9ACA7318212E82003C9D12 /* SchlankFitTests */,
				EA9ACA4D18212E82003C9D12 /* Frameworks */,
				EA9ACA4C18212E82003C9D12 /* Products */,
			);
			sourceTree = "<group>";
		};
		EA9ACA4C18212E82003C9D12 /* Products */ = {
			isa = PBXGroup;
			children = (
				EA9ACA4B18212E82003C9D12 /* SchlankFit.app */,
				EA9ACA6C18212E82003C9D12 /* SchlankFitTests.xctest */,
			);
			name = Products;
			sourceTree = "<group>";
		};
		EA9ACA4D18212E82003C9D12 /* Frameworks */ = {
			isa = PBXGroup;
			children = (
				F85A201B182B736A001AB9A6 /* EventKitUI.framework */,
				F85A2019182B7363001AB9A6 /* EventKit.framework */,
				F85A2017182B730F001AB9A6 /* MediaPlayer.framework */,
				F85A2015182B7307001AB9A6 /* AdSupport.framework */,
				F85A2013182B72FE001AB9A6 /* SystemConfiguration.framework */,
				F85A2011182B72E1001AB9A6 /* CoreMotion.framework */,
				EAC2955E1828C6F9003D1CCE /* QuartzCore.framework */,
				EA9ACA4E18212E82003C9D12 /* Foundation.framework */,
				EA9ACA5018212E82003C9D12 /* CoreGraphics.framework */,
				EA9ACA5218212E82003C9D12 /* UIKit.framework */,
				EA9ACA6D18212E82003C9D12 /* XCTest.framework */,
			);
			name = Frameworks;
			sourceTree = "<group>";
		};
		EA9ACA5418212E82003C9D12 /* SchlankFit */ = {
			isa = PBXGroup;
			children = (
				F8A06071183106C800717B58 /* ViewControllers */,
				F8A060961831088300717B58 /* Views */,
				F85A2091182BBC97001AB9A6 /* CustomCells */,
				EAC295641828F44F003D1CCE /* CustomViews */,
				EA9ACA5D18212E82003C9D12 /* AppDelegate.h */,
				EA9ACA5E18212E82003C9D12 /* AppDelegate.m */,
				EA9ACA6018212E82003C9D12 /* Main.storyboard */,
				EA9ACA6318212E82003C9D12 /* SplashViewController.h */,
				EA9ACA6418212E82003C9D12 /* SplashViewController.m */,
				EA9ACA6618212E82003C9D12 /* Images.xcassets */,
				EA9ACA5518212E82003C9D12 /* Supporting Files */,
			);
			path = SchlankFit;
			sourceTree = "<group>";
		};
		EA9ACA5518212E82003C9D12 /* Supporting Files */ = {
			isa = PBXGroup;
			children = (
				EA9ACA5618212E82003C9D12 /* SchlankFit-Info.plist */,
				EA9ACA5718212E82003C9D12 /* InfoPlist.strings */,
				EA9ACA5A18212E82003C9D12 /* main.m */,
				EA9ACA5C18212E82003C9D12 /* SchlankFit-Prefix.pch */,
			);
			name = "Supporting Files";
			sourceTree = "<group>";
		};
		EA9ACA7318212E82003C9D12 /* SchlankFitTests */ = {
			isa = PBXGroup;
			children = (
				EA9ACA7918212E82003C9D12 /* SchlankFitTests.m */,
				EA9ACA7418212E82003C9D12 /* Supporting Files */,
			);
			path = SchlankFitTests;
			sourceTree = "<group>";
		};
		EA9ACA7418212E82003C9D12 /* Supporting Files */ = {
			isa = PBXGroup;
			children = (
				EA9ACA7518212E82003C9D12 /* SchlankFitTests-Info.plist */,
				EA9ACA7618212E82003C9D12 /* InfoPlist.strings */,
			);
			name = "Supporting Files";
			sourceTree = "<group>";
		};
		EAC2953F1828B801003D1CCE /* ThirdParty */ = {
			isa = PBXGroup;
			children = (
				F8A06028183092CA00717B58 /* UnderLineLabel */,
				F85A202D182B8E02001AB9A6 /* KalCalendar */,
				F85A2004182B71BC001AB9A6 /* SmartAd */,
				EAC295401828B801003D1CCE /* MNMRemoteImageView */,
				EAC295431828B801003D1CCE /* NIDropDown */,
				EAC295461828B801003D1CCE /* PopUp */,
			);
			path = ThirdParty;
			sourceTree = "<group>";
		};
		EAC295401828B801003D1CCE /* MNMRemoteImageView */ = {
			isa = PBXGroup;
			children = (
				EAC295411828B801003D1CCE /* MNMRemoteImageView.h */,
				EAC295421828B801003D1CCE /* MNMRemoteImageView.m */,
			);
			path = MNMRemoteImageView;
			sourceTree = "<group>";
		};
		EAC295431828B801003D1CCE /* NIDropDown */ = {
			isa = PBXGroup;
			children = (
				EAC2955A1828C626003D1CCE /* apple.png */,
				EAC2955B1828C626003D1CCE /* apple2.png */,
				EAC295441828B801003D1CCE /* NIDropDown.h */,
				EAC295451828B801003D1CCE /* NIDropDown.m */,
			);
			path = NIDropDown;
			sourceTree = "<group>";
		};
		EAC295461828B801003D1CCE /* PopUp */ = {
			isa = PBXGroup;
			children = (
				EAC295471828B801003D1CCE /* DialogView.h */,
				EAC295481828B801003D1CCE /* DialogView.m */,
				EAC295491828B801003D1CCE /* DownloadingAlert */,
			);
			path = PopUp;
			sourceTree = "<group>";
		};
		EAC295491828B801003D1CCE /* DownloadingAlert */ = {
			isa = PBXGroup;
			children = (
				EAC2954A1828B801003D1CCE /* DownloadingAlert.h */,
				EAC2954B1828B801003D1CCE /* DownloadingAlert.m */,
				EAC2954C1828B801003D1CCE /* DownloadingAlert.xib */,
				EAC2954D1828B801003D1CCE /* popupBg.png */,
				EAC2954E1828B801003D1CCE /* popupBg@2x.png */,
			);
			path = DownloadingAlert;
			sourceTree = "<group>";
		};
		EAC295641828F44F003D1CCE /* CustomViews */ = {
			isa = PBXGroup;
			children = (
				F8A0602C183092E400717B58 /* ShoppingListNotifierView */,
				EAC295651828F44F003D1CCE /* CreateDietNotifierView */,
				EAC295681828F44F003D1CCE /* CustomAdView */,
			);
			path = CustomViews;
			sourceTree = "<group>";
		};
		EAC295651828F44F003D1CCE /* CreateDietNotifierView */ = {
			isa = PBXGroup;
			children = (
				EAC295661828F44F003D1CCE /* CreateDietNotifierView.h */,
				EAC295671828F44F003D1CCE /* CreateDietNotifierView.m */,
				EAC295701828F46B003D1CCE /* CreateDietNotifierView.xib */,
			);
			path = CreateDietNotifierView;
			sourceTree = "<group>";
		};
		EAC295681828F44F003D1CCE /* CustomAdView */ = {
			isa = PBXGroup;
			children = (
				EAC2956A1828F44F003D1CCE /* CustomAdView.h */,
				EAC2956B1828F44F003D1CCE /* CustomAdView.m */,
				EAC2956C1828F44F003D1CCE /* CustomAdView.xib */,
			);
			path = CustomAdView;
			sourceTree = "<group>";
		};
		F85A2004182B71BC001AB9A6 /* SmartAd */ = {
			isa = PBXGroup;
			children = (
				F85A2005182B71BC001AB9A6 /* headers */,
				F85A200D182B71BC001AB9A6 /* libSmartAdServer.a */,
				F85A200E182B71BC001AB9A6 /* sas.bundle */,
			);
			path = SmartAd;
			sourceTree = "<group>";
		};
		F85A2005182B71BC001AB9A6 /* headers */ = {
			isa = PBXGroup;
			children = (
				F85A2006182B71BC001AB9A6 /* SASAdView.h */,
				F85A2007182B71BC001AB9A6 /* SASAdViewDelegate.h */,
				F85A2008182B71BC001AB9A6 /* SASBannerView.h */,
				F85A2009182B71BC001AB9A6 /* SASInterstitialView.h */,
				F85A200A182B71BC001AB9A6 /* SmartAdServerAd.h */,
				F85A200B182B71BC001AB9A6 /* SmartAdServerView.h */,
				F85A200C182B71BC001AB9A6 /* SmartAdServerViewDelegate.h */,
			);
			path = headers;
			sourceTree = "<group>";
		};
		F85A202D182B8E02001AB9A6 /* KalCalendar */ = {
			isa = PBXGroup;
			children = (
				F85A202E182B8E02001AB9A6 /* src */,
			);
			path = KalCalendar;
			sourceTree = "<group>";
		};
		F85A202E182B8E02001AB9A6 /* src */ = {
			isa = PBXGroup;
			children = (
				F85A202F182B8E02001AB9A6 /* Kal.bundle */,
				F85A2030182B8E02001AB9A6 /* Kal.h */,
				F85A2031182B8E02001AB9A6 /* Kal.xcodeproj */,
				F85A2034182B8E02001AB9A6 /* Kal_Prefix.pch */,
				F85A2035182B8E02001AB9A6 /* KalDataSource.h */,
				F85A2036182B8E02001AB9A6 /* KalDataSource.m */,
				F85A2037182B8E02001AB9A6 /* KalDate.h */,
				F85A2038182B8E02001AB9A6 /* KalDate.m */,
				F85A2039182B8E02001AB9A6 /* KalGridView.h */,
				F85A203A182B8E02001AB9A6 /* KalGridView.m */,
				F85A203B182B8E02001AB9A6 /* KalLogic.h */,
				F85A203C182B8E02001AB9A6 /* KalLogic.m */,
				F85A203D182B8E02001AB9A6 /* KalMonthView.h */,
				F85A203E182B8E02001AB9A6 /* KalMonthView.m */,
				F85A203F182B8E02001AB9A6 /* KalPrivate.h */,
				F85A2040182B8E02001AB9A6 /* KalTileView.h */,
				F85A2041182B8E02001AB9A6 /* KalTileView.m */,
				F85A2042182B8E02001AB9A6 /* KalView.h */,
				F85A2043182B8E02001AB9A6 /* KalView.m */,
				F85A2044182B8E02001AB9A6 /* KalViewController.h */,
				F85A2045182B8E02001AB9A6 /* KalViewController.m */,
				F85A2046182B8E02001AB9A6 /* NSDateAdditions.h */,
				F85A2047182B8E02001AB9A6 /* NSDateAdditions.m */,
				F85A2048182B8E02001AB9A6 /* UIViewAdditions.h */,
				F85A2049182B8E02001AB9A6 /* UIViewAdditions.m */,
			);
			path = src;
			sourceTree = "<group>";
		};
		F85A2032182B8E02001AB9A6 /* Products */ = {
			isa = PBXGroup;
			children = (
				F85A2057182B8E02001AB9A6 /* libKal.a */,
			);
			name = Products;
			sourceTree = "<group>";
		};
		F85A2091182BBC97001AB9A6 /* CustomCells */ = {
			isa = PBXGroup;
			children = (
				F8A060491830E6BA00717B58 /* MainProfile */,
				F8A0603E1830C87600717B58 /* CellWithLeftImage */,
				F8A060381830C39F00717B58 /* DietPackageDetail */,
				F8A06022183092BC00717B58 /* ShoppingList */,
				F85A2092182BBC97001AB9A6 /* DietPackage */,
				F85A2096182BBC97001AB9A6 /* DietPlanner */,
				F85A209D182BBC97001AB9A6 /* OwnDiet */,
			);
			path = CustomCells;
			sourceTree = "<group>";
		};
		F85A2092182BBC97001AB9A6 /* DietPackage */ = {
			isa = PBXGroup;
			children = (
				F85A2093182BBC97001AB9A6 /* DietPackageCell.h */,
				F85A2094182BBC97001AB9A6 /* DietPackageCell.m */,
				F85A2095182BBC97001AB9A6 /* DietPackageCell.xib */,
			);
			path = DietPackage;
			sourceTree = "<group>";
		};
		F85A2096182BBC97001AB9A6 /* DietPlanner */ = {
			isa = PBXGroup;
			children = (
				F85A2097182BBC97001AB9A6 /* DietPlannerSimpleCell.h */,
				F85A2098182BBC97001AB9A6 /* DietPlannerSimpleCell.m */,
				F85A2099182BBC97001AB9A6 /* DietPlannerSimpleCell.xib */,
				F85A209A182BBC97001AB9A6 /* DietPlannerSpecialCell.h */,
				F85A209B182BBC97001AB9A6 /* DietPlannerSpecialCell.m */,
				F85A209C182BBC97001AB9A6 /* DietPlannerSpecialCell.xib */,
			);
			path = DietPlanner;
			sourceTree = "<group>";
		};
		F85A209D182BBC97001AB9A6 /* OwnDiet */ = {
			isa = PBXGroup;
			children = (
				F85A209E182BBC97001AB9A6 /* OwnDietCustomCell.h */,
				F85A209F182BBC97001AB9A6 /* OwnDietCustomCell.m */,
				F85A20A0182BBC97001AB9A6 /* OwnDietCustomCell.xib */,
			);
			path = OwnDiet;
			sourceTree = "<group>";
		};
		F8A06022183092BC00717B58 /* ShoppingList */ = {
			isa = PBXGroup;
			children = (
				F8A06023183092BC00717B58 /* ShoppingListCell.h */,
				F8A06024183092BC00717B58 /* ShoppingListCell.m */,
				F8A06025183092BC00717B58 /* ShoppingListCell.xib */,
			);
			path = ShoppingList;
			sourceTree = "<group>";
		};
		F8A06028183092CA00717B58 /* UnderLineLabel */ = {
			isa = PBXGroup;
			children = (
				F8A06029183092CA00717B58 /* UnderLineLabel.h */,
				F8A0602A183092CA00717B58 /* UnderLineLabel.m */,
			);
			path = UnderLineLabel;
			sourceTree = "<group>";
		};
		F8A0602C183092E400717B58 /* ShoppingListNotifierView */ = {
			isa = PBXGroup;
			children = (
				F8A0602D183092E400717B58 /* ShoppingListNotifier.h */,
				F8A0602E183092E400717B58 /* ShoppingListNotifier.m */,
				F8A0602F183092E400717B58 /* ShoppingListNotifier.xib */,
			);
			path = ShoppingListNotifierView;
			sourceTree = "<group>";
		};
		F8A060381830C39F00717B58 /* DietPackageDetail */ = {
			isa = PBXGroup;
			children = (
				F8A060391830C39F00717B58 /* DietPackageDetailCell.h */,
				F8A0603A1830C39F00717B58 /* DietPackageDetailCell.m */,
				F8A0603B1830C39F00717B58 /* DietPackageDetailCell.xib */,
			);
			path = DietPackageDetail;
			sourceTree = "<group>";
		};
		F8A0603E1830C87600717B58 /* CellWithLeftImage */ = {
			isa = PBXGroup;
			children = (
				F8A0603F1830C89000717B58 /* LeftImageCell.h */,
				F8A060401830C89000717B58 /* LeftImageCell.m */,
				F8A060421830C8B100717B58 /* LeftImageCell.xib */,
			);
			path = CellWithLeftImage;
			sourceTree = "<group>";
		};
		F8A060491830E6BA00717B58 /* MainProfile */ = {
			isa = PBXGroup;
			children = (
				F8A0604A1830E70900717B58 /* MainProfilePersonalInfoCell.h */,
				F8A0604B1830E70900717B58 /* MainProfilePersonalInfoCell.m */,
				F8A0604D1830E71F00717B58 /* MainProfilePersonalInfoCell.xib */,
			);
			path = MainProfile;
			sourceTree = "<group>";
		};
		F8A06071183106C800717B58 /* ViewControllers */ = {
			isa = PBXGroup;
			children = (
				F8A06076183106C800717B58 /* DashboardViewController.h */,
				F8A06077183106C800717B58 /* DashboardViewController.m */,
				F8A060931831074000717B58 /* Profile */,
				F8A060941831075F00717B58 /* DietPlanner */,
				F8A060951831076800717B58 /* ShoppingList */,
			);
			path = ViewControllers;
			sourceTree = "<group>";
		};
		F8A060931831074000717B58 /* Profile */ = {
			isa = PBXGroup;
			children = (
				F8A06072183106C800717B58 /* AccountViewController.h */,
				F8A06073183106C800717B58 /* AccountViewController.m */,
				F8A06082183106C800717B58 /* MainProfileViewController.h */,
				F8A06083183106C800717B58 /* MainProfileViewController.m */,
			);
			name = Profile;
			sourceTree = "<group>";
		};
		F8A060941831075F00717B58 /* DietPlanner */ = {
			isa = PBXGroup;
			children = (
				F8A06074183106C800717B58 /* CreateDietViewController.h */,
				F8A06075183106C800717B58 /* CreateDietViewController.m */,
				F8A06078183106C800717B58 /* DietPackageBuyViewController.h */,
				F8A06079183106C800717B58 /* DietPackageBuyViewController.m */,
				F8A0607A183106C800717B58 /* DietPackageDetailViewController.h */,
				F8A0607B183106C800717B58 /* DietPackageDetailViewController.m */,
				F8A0607C183106C800717B58 /* DietPackageTableViewController.h */,
				F8A0607D183106C800717B58 /* DietPackageTableViewController.m */,
				F8A0607E183106C800717B58 /* DietPlannerCalendarViewController.h */,
				F8A0607F183106C800717B58 /* DietPlannerCalendarViewController.m */,
				F8A06080183106C800717B58 /* DietPlannerViewController.h */,
				F8A06081183106C800717B58 /* DietPlannerViewController.m */,
				F8A06084183106C800717B58 /* OwnDietViewController.h */,
				F8A06085183106C800717B58 /* OwnDietViewController.m */,
			);
			name = DietPlanner;
			sourceTree = "<group>";
		};
		F8A060951831076800717B58 /* ShoppingList */ = {
			isa = PBXGroup;
			children = (
				F8A06086183106C800717B58 /* ShoppingListViewController.h */,
				F8A06087183106C800717B58 /* ShoppingListViewController.m */,
			);
			name = ShoppingList;
			sourceTree = "<group>";
		};
		F8A060961831088300717B58 /* Views */ = {
			isa = PBXGroup;
			children = (
				F8A0609718310B1900717B58 /* PersonalInfo.h */,
				F8A0609818310B1900717B58 /* PersonalInfo.m */,
				F8A0609C18310B3E00717B58 /* PersonalInfo.xib */,
			);
			path = Views;
			sourceTree = "<group>";
		};
/* End PBXGroup section */

/* Begin PBXNativeTarget section */
		EA9ACA4A18212E82003C9D12 /* SchlankFit */ = {
			isa = PBXNativeTarget;
			buildConfigurationList = EA9ACA7D18212E82003C9D12 /* Build configuration list for PBXNativeTarget "SchlankFit" */;
			buildPhases = (
				EA9ACA4718212E82003C9D12 /* Sources */,
				EA9ACA4818212E82003C9D12 /* Frameworks */,
				EA9ACA4918212E82003C9D12 /* Resources */,
			);
			buildRules = (
			);
			dependencies = (
			);
			name = SchlankFit;
			productName = SchlankFit;
			productReference = EA9ACA4B18212E82003C9D12 /* SchlankFit.app */;
			productType = "com.apple.product-type.application";
		};
		EA9ACA6B18212E82003C9D12 /* SchlankFitTests */ = {
			isa = PBXNativeTarget;
			buildConfigurationList = EA9ACA8018212E82003C9D12 /* Build configuration list for PBXNativeTarget "SchlankFitTests" */;
			buildPhases = (
				EA9ACA6818212E82003C9D12 /* Sources */,
				EA9ACA6918212E82003C9D12 /* Frameworks */,
				EA9ACA6A18212E82003C9D12 /* Resources */,
			);
			buildRules = (
			);
			dependencies = (
				EA9ACA7218212E82003C9D12 /* PBXTargetDependency */,
			);
			name = SchlankFitTests;
			productName = SchlankFitTests;
			productReference = EA9ACA6C18212E82003C9D12 /* SchlankFitTests.xctest */;
			productType = "com.apple.product-type.bundle.unit-test";
		};
/* End PBXNativeTarget section */

/* Begin PBXProject section */
		EA9ACA4318212E82003C9D12 /* Project object */ = {
			isa = PBXProject;
			attributes = {
				LastUpgradeCheck = 0500;
				ORGANIZATIONNAME = Prinovis;
				TargetAttributes = {
					EA9ACA6B18212E82003C9D12 = {
						TestTargetID = EA9ACA4A18212E82003C9D12;
					};
				};
			};
			buildConfigurationList = EA9ACA4618212E82003C9D12 /* Build configuration list for PBXProject "SchlankFit" */;
			compatibilityVersion = "Xcode 3.2";
			developmentRegion = English;
			hasScannedForEncodings = 0;
			knownRegions = (
				en,
				Base,
			);
			mainGroup = EA9ACA4218212E82003C9D12;
			productRefGroup = EA9ACA4C18212E82003C9D12 /* Products */;
			projectDirPath = "";
			projectReferences = (
				{
					ProductGroup = F85A2032182B8E02001AB9A6 /* Products */;
					ProjectRef = F85A2031182B8E02001AB9A6 /* Kal.xcodeproj */;
				},
			);
			projectRoot = "";
			targets = (
				EA9ACA4A18212E82003C9D12 /* SchlankFit */,
				EA9ACA6B18212E82003C9D12 /* SchlankFitTests */,
			);
		};
/* End PBXProject section */

/* Begin PBXReferenceProxy section */
		F85A2057182B8E02001AB9A6 /* libKal.a */ = {
			isa = PBXReferenceProxy;
			fileType = archive.ar;
			path = libKal.a;
			remoteRef = F85A2056182B8E02001AB9A6 /* PBXContainerItemProxy */;
			sourceTree = BUILT_PRODUCTS_DIR;
		};
/* End PBXReferenceProxy section */

/* Begin PBXResourcesBuildPhase section */
		EA9ACA4918212E82003C9D12 /* Resources */ = {
			isa = PBXResourcesBuildPhase;
			buildActionMask = 2147483647;
			files = (
				F85A204A182B8E02001AB9A6 /* Kal.bundle in Resources */,
				F8A06027183092BC00717B58 /* ShoppingListCell.xib in Resources */,
				F8A06031183092E400717B58 /* ShoppingListNotifier.xib in Resources */,
				EAC2955D1828C626003D1CCE /* apple2.png in Resources */,
				F85A20A6182BBC97001AB9A6 /* DietPlannerSpecialCell.xib in Resources */,
				F8A0609D18310B3E00717B58 /* PersonalInfo.xib in Resources */,
				EAC295551828B801003D1CCE /* popupBg@2x.png in Resources */,
				F8A0603D1830C39F00717B58 /* DietPackageDetailCell.xib in Resources */,
				F85A20A2182BBC97001AB9A6 /* DietPackageCell.xib in Resources */,
				F85A2010182B71BC001AB9A6 /* sas.bundle in Resources */,
				EA9ACA6718212E82003C9D12 /* Images.xcassets in Resources */,
				EAC295541828B801003D1CCE /* popupBg.png in Resources */,
				F8A0604E1830E71F00717B58 /* MainProfilePersonalInfoCell.xib in Resources */,
				EAC295711828F46B003D1CCE /* CreateDietNotifierView.xib in Resources */,
				F8A060431830C8B100717B58 /* LeftImageCell.xib in Resources */,
				F85A20A4182BBC97001AB9A6 /* DietPlannerSimpleCell.xib in Resources */,
				EAC295531828B801003D1CCE /* DownloadingAlert.xib in Resources */,
				F85A20A8182BBC97001AB9A6 /* OwnDietCustomCell.xib in Resources */,
				EAC2956F1828F44F003D1CCE /* CustomAdView.xib in Resources */,
				EA9ACA5918212E82003C9D12 /* InfoPlist.strings in Resources */,
				EAC2955C1828C626003D1CCE /* apple.png in Resources */,
				EA9ACA6218212E82003C9D12 /* Main.storyboard in Resources */,
			);
			runOnlyForDeploymentPostprocessing = 0;
		};
		EA9ACA6A18212E82003C9D12 /* Resources */ = {
			isa = PBXResourcesBuildPhase;
			buildActionMask = 2147483647;
			files = (
				EA9ACA7818212E82003C9D12 /* InfoPlist.strings in Resources */,
			);
			runOnlyForDeploymentPostprocessing = 0;
		};
/* End PBXResourcesBuildPhase section */

/* Begin PBXSourcesBuildPhase section */
		EA9ACA4718212E82003C9D12 /* Sources */ = {
			isa = PBXSourcesBuildPhase;
			buildActionMask = 2147483647;
			files = (
				EA9ACA6518212E82003C9D12 /* SplashViewController.m in Sources */,
				F8A06026183092BC00717B58 /* ShoppingListCell.m in Sources */,
				F8A06092183106C800717B58 /* ShoppingListViewController.m in Sources */,
				EA9ACA5F18212E82003C9D12 /* AppDelegate.m in Sources */,
				F85A2053182B8E02001AB9A6 /* NSDateAdditions.m in Sources */,
				F8A06088183106C800717B58 /* AccountViewController.m in Sources */,
				F8A0608D183106C800717B58 /* DietPackageTableViewController.m in Sources */,
				F85A204F182B8E02001AB9A6 /* KalMonthView.m in Sources */,
				F85A204E182B8E02001AB9A6 /* KalLogic.m in Sources */,
				EAC295511828B801003D1CCE /* DialogView.m in Sources */,
				EAC295501828B801003D1CCE /* NIDropDown.m in Sources */,
				F85A20A7182BBC97001AB9A6 /* OwnDietCustomCell.m in Sources */,
				F8A0608C183106C800717B58 /* DietPackageDetailViewController.m in Sources */,
				F85A2050182B8E02001AB9A6 /* KalTileView.m in Sources */,
				F85A2054182B8E02001AB9A6 /* UIViewAdditions.m in Sources */,
				F85A20A5182BBC97001AB9A6 /* DietPlannerSpecialCell.m in Sources */,
				F8A0609918310B1900717B58 /* PersonalInfo.m in Sources */,
				F85A20A3182BBC97001AB9A6 /* DietPlannerSimpleCell.m in Sources */,
				EAC2954F1828B801003D1CCE /* MNMRemoteImageView.m in Sources */,
				F85A2051182B8E02001AB9A6 /* KalView.m in Sources */,
				F8A0603C1830C39F00717B58 /* DietPackageDetailCell.m in Sources */,
				F85A204D182B8E02001AB9A6 /* KalGridView.m in Sources */,
				EAC295521828B801003D1CCE /* DownloadingAlert.m in Sources */,
				F8A06089183106C800717B58 /* CreateDietViewController.m in Sources */,
				F8A06091183106C800717B58 /* OwnDietViewController.m in Sources */,
				F8A060411830C89000717B58 /* LeftImageCell.m in Sources */,
				EAC2956E1828F44F003D1CCE /* CustomAdView.m in Sources */,
				F8A0608F183106C800717B58 /* DietPlannerViewController.m in Sources */,
				F8A06030183092E400717B58 /* ShoppingListNotifier.m in Sources */,
				F85A204C182B8E02001AB9A6 /* KalDate.m in Sources */,
				F85A20A1182BBC97001AB9A6 /* DietPackageCell.m in Sources */,
				F85A2052182B8E02001AB9A6 /* KalViewController.m in Sources */,
				F8A0602B183092CA00717B58 /* UnderLineLabel.m in Sources */,
				F8A0608A183106C800717B58 /* DashboardViewController.m in Sources */,
				F8A0608B183106C800717B58 /* DietPackageBuyViewController.m in Sources */,
				EA9ACA5B18212E82003C9D12 /* main.m in Sources */,
				F85A204B182B8E02001AB9A6 /* KalDataSource.m in Sources */,
				F8A0608E183106C800717B58 /* DietPlannerCalendarViewController.m in Sources */,
				EAC2956D1828F44F003D1CCE /* CreateDietNotifierView.m in Sources */,
				F8A0604C1830E70900717B58 /* MainProfilePersonalInfoCell.m in Sources */,
				F8A06090183106C800717B58 /* MainProfileViewController.m in Sources */,
			);
			runOnlyForDeploymentPostprocessing = 0;
		};
		EA9ACA6818212E82003C9D12 /* Sources */ = {
			isa = PBXSourcesBuildPhase;
			buildActionMask = 2147483647;
			files = (
				EA9ACA7A18212E82003C9D12 /* SchlankFitTests.m in Sources */,
			);
			runOnlyForDeploymentPostprocessing = 0;
		};
/* End PBXSourcesBuildPhase section */

/* Begin PBXTargetDependency section */
		EA9ACA7218212E82003C9D12 /* PBXTargetDependency */ = {
			isa = PBXTargetDependency;
			target = EA9ACA4A18212E82003C9D12 /* SchlankFit */;
			targetProxy = EA9ACA7118212E82003C9D12 /* PBXContainerItemProxy */;
		};
/* End PBXTargetDependency section */

/* Begin PBXVariantGroup section */
		EA9ACA5718212E82003C9D12 /* InfoPlist.strings */ = {
			isa = PBXVariantGroup;
			children = (
				EA9ACA5818212E82003C9D12 /* en */,
			);
			name = InfoPlist.strings;
			sourceTree = "<group>";
		};
		EA9ACA6018212E82003C9D12 /* Main.storyboard */ = {
			isa = PBXVariantGroup;
			children = (
				EA9ACA6118212E82003C9D12 /* Base */,
			);
			name = Main.storyboard;
			sourceTree = "<group>";
		};
		EA9ACA7618212E82003C9D12 /* InfoPlist.strings */ = {
			isa = PBXVariantGroup;
			children = (
				EA9ACA7718212E82003C9D12 /* en */,
			);
			name = InfoPlist.strings;
			sourceTree = "<group>";
		};
/* End PBXVariantGroup section */

/* Begin XCBuildConfiguration section */
		EA9ACA7B18212E82003C9D12 /* Debug */ = {
			isa = XCBuildConfiguration;
			buildSettings = {
				ALWAYS_SEARCH_USER_PATHS = NO;
				ARCHS = "$(ARCHS_STANDARD_INCLUDING_64_BIT)";
				CLANG_CXX_LANGUAGE_STANDARD = "gnu++0x";
				CLANG_CXX_LIBRARY = "libc++";
				CLANG_ENABLE_MODULES = YES;
				CLANG_ENABLE_OBJC_ARC = YES;
				CLANG_WARN_BOOL_CONVERSION = YES;
				CLANG_WARN_CONSTANT_CONVERSION = YES;
				CLANG_WARN_DIRECT_OBJC_ISA_USAGE = YES_ERROR;
				CLANG_WARN_EMPTY_BODY = YES;
				CLANG_WARN_ENUM_CONVERSION = YES;
				CLANG_WARN_INT_CONVERSION = YES;
				CLANG_WARN_OBJC_ROOT_CLASS = YES_ERROR;
				CLANG_WARN__DUPLICATE_METHOD_MATCH = YES;
				"CODE_SIGN_IDENTITY[sdk=iphoneos*]" = "iPhone Developer";
				COPY_PHASE_STRIP = NO;
				GCC_C_LANGUAGE_STANDARD = gnu99;
				GCC_DYNAMIC_NO_PIC = NO;
				GCC_OPTIMIZATION_LEVEL = 0;
				GCC_PREPROCESSOR_DEFINITIONS = (
					"DEBUG=1",
					"$(inherited)",
				);
				GCC_SYMBOLS_PRIVATE_EXTERN = NO;
				GCC_WARN_64_TO_32_BIT_CONVERSION = YES;
				GCC_WARN_ABOUT_RETURN_TYPE = YES_ERROR;
				GCC_WARN_UNDECLARED_SELECTOR = YES;
				GCC_WARN_UNINITIALIZED_AUTOS = YES;
				GCC_WARN_UNUSED_FUNCTION = YES;
				GCC_WARN_UNUSED_VARIABLE = YES;
				IPHONEOS_DEPLOYMENT_TARGET = 7.0;
				ONLY_ACTIVE_ARCH = YES;
				SDKROOT = iphoneos;
			};
			name = Debug;
		};
		EA9ACA7C18212E82003C9D12 /* Release */ = {
			isa = XCBuildConfiguration;
			buildSettings = {
				ALWAYS_SEARCH_USER_PATHS = NO;
				ARCHS = "$(ARCHS_STANDARD_INCLUDING_64_BIT)";
				CLANG_CXX_LANGUAGE_STANDARD = "gnu++0x";
				CLANG_CXX_LIBRARY = "libc++";
				CLANG_ENABLE_MODULES = YES;
				CLANG_ENABLE_OBJC_ARC = YES;
				CLANG_WARN_BOOL_CONVERSION = YES;
				CLANG_WARN_CONSTANT_CONVERSION = YES;
				CLANG_WARN_DIRECT_OBJC_ISA_USAGE = YES_ERROR;
				CLANG_WARN_EMPTY_BODY = YES;
				CLANG_WARN_ENUM_CONVERSION = YES;
				CLANG_WARN_INT_CONVERSION = YES;
				CLANG_WARN_OBJC_ROOT_CLASS = YES_ERROR;
				CLANG_WARN__DUPLICATE_METHOD_MATCH = YES;
				"CODE_SIGN_IDENTITY[sdk=iphoneos*]" = "iPhone Developer";
				COPY_PHASE_STRIP = YES;
				ENABLE_NS_ASSERTIONS = NO;
				GCC_C_LANGUAGE_STANDARD = gnu99;
				GCC_WARN_64_TO_32_BIT_CONVERSION = YES;
				GCC_WARN_ABOUT_RETURN_TYPE = YES_ERROR;
				GCC_WARN_UNDECLARED_SELECTOR = YES;
				GCC_WARN_UNINITIALIZED_AUTOS = YES;
				GCC_WARN_UNUSED_FUNCTION = YES;
				GCC_WARN_UNUSED_VARIABLE = YES;
				IPHONEOS_DEPLOYMENT_TARGET = 7.0;
				SDKROOT = iphoneos;
				VALIDATE_PRODUCT = YES;
			};
			name = Release;
		};
		EA9ACA7E18212E82003C9D12 /* Debug */ = {
			isa = XCBuildConfiguration;
			buildSettings = {
				ASSETCATALOG_COMPILER_APPICON_NAME = AppIcon;
				ASSETCATALOG_COMPILER_LAUNCHIMAGE_NAME = LaunchImage;
				GCC_PRECOMPILE_PREFIX_HEADER = YES;
				GCC_PREFIX_HEADER = "SchlankFit/SchlankFit-Prefix.pch";
				INFOPLIST_FILE = "SchlankFit/SchlankFit-Info.plist";
				LIBRARY_SEARCH_PATHS = (
					"$(inherited)",
					"/Volumes/Data/CompanyProjects/SlimFit-Atif/SchlankFit/ThirdParty",
					"/Volumes/Data/CompanyProjects/SlimFit-Atif/SchlankFit/ThirdParty/SmartAd",
				);
				PRODUCT_NAME = "$(TARGET_NAME)";
				WRAPPER_EXTENSION = app;
			};
			name = Debug;
		};
		EA9ACA7F18212E82003C9D12 /* Release */ = {
			isa = XCBuildConfiguration;
			buildSettings = {
				ASSETCATALOG_COMPILER_APPICON_NAME = AppIcon;
				ASSETCATALOG_COMPILER_LAUNCHIMAGE_NAME = LaunchImage;
				GCC_PRECOMPILE_PREFIX_HEADER = YES;
				GCC_PREFIX_HEADER = "SchlankFit/SchlankFit-Prefix.pch";
				INFOPLIST_FILE = "SchlankFit/SchlankFit-Info.plist";
				LIBRARY_SEARCH_PATHS = (
					"$(inherited)",
					"/Volumes/Data/CompanyProjects/SlimFit-Atif/SchlankFit/ThirdParty",
					"/Volumes/Data/CompanyProjects/SlimFit-Atif/SchlankFit/ThirdParty/SmartAd",
				);
				PRODUCT_NAME = "$(TARGET_NAME)";
				WRAPPER_EXTENSION = app;
			};
			name = Release;
		};
		EA9ACA8118212E82003C9D12 /* Debug */ = {
			isa = XCBuildConfiguration;
			buildSettings = {
				ARCHS = "$(ARCHS_STANDARD_INCLUDING_64_BIT)";
				BUNDLE_LOADER = "$(BUILT_PRODUCTS_DIR)/SchlankFit.app/SchlankFit";
				FRAMEWORK_SEARCH_PATHS = (
					"$(SDKROOT)/Developer/Library/Frameworks",
					"$(inherited)",
					"$(DEVELOPER_FRAMEWORKS_DIR)",
				);
				GCC_PRECOMPILE_PREFIX_HEADER = YES;
				GCC_PREFIX_HEADER = "SchlankFit/SchlankFit-Prefix.pch";
				GCC_PREPROCESSOR_DEFINITIONS = (
					"DEBUG=1",
					"$(inherited)",
				);
				INFOPLIST_FILE = "SchlankFitTests/SchlankFitTests-Info.plist";
				PRODUCT_NAME = "$(TARGET_NAME)";
				TEST_HOST = "$(BUNDLE_LOADER)";
				WRAPPER_EXTENSION = xctest;
			};
			name = Debug;
		};
		EA9ACA8218212E82003C9D12 /* Release */ = {
			isa = XCBuildConfiguration;
			buildSettings = {
				ARCHS = "$(ARCHS_STANDARD_INCLUDING_64_BIT)";
				BUNDLE_LOADER = "$(BUILT_PRODUCTS_DIR)/SchlankFit.app/SchlankFit";
				FRAMEWORK_SEARCH_PATHS = (
					"$(SDKROOT)/Developer/Library/Frameworks",
					"$(inherited)",
					"$(DEVELOPER_FRAMEWORKS_DIR)",
				);
				GCC_PRECOMPILE_PREFIX_HEADER = YES;
				GCC_PREFIX_HEADER = "SchlankFit/SchlankFit-Prefix.pch";
				INFOPLIST_FILE = "SchlankFitTests/SchlankFitTests-Info.plist";
				PRODUCT_NAME = "$(TARGET_NAME)";
				TEST_HOST = "$(BUNDLE_LOADER)";
				WRAPPER_EXTENSION = xctest;
			};
			name = Release;
		};
/* End XCBuildConfiguration section */

/* Begin XCConfigurationList section */
		EA9ACA4618212E82003C9D12 /* Build configuration list for PBXProject "SchlankFit" */ = {
			isa = XCConfigurationList;
			buildConfigurations = (
				EA9ACA7B18212E82003C9D12 /* Debug */,
				EA9ACA7C18212E82003C9D12 /* Release */,
			);
			defaultConfigurationIsVisible = 0;
			defaultConfigurationName = Release;
		};
		EA9ACA7D18212E82003C9D12 /* Build configuration list for PBXNativeTarget "SchlankFit" */ = {
			isa = XCConfigurationList;
			buildConfigurations = (
				EA9ACA7E18212E82003C9D12 /* Debug */,
				EA9ACA7F18212E82003C9D12 /* Release */,
			);
			defaultConfigurationIsVisible = 0;
			defaultConfigurationName = Release;
		};
		EA9ACA8018212E82003C9D12 /* Build configuration list for PBXNativeTarget "SchlankFitTests" */ = {
			isa = XCConfigurationList;
			buildConfigurations = (
				EA9ACA8118212E82003C9D12 /* Debug */,
				EA9ACA8218212E82003C9D12 /* Release */,
			);
			defaultConfigurationIsVisible = 0;
			defaultConfigurationName = Release;
		};
/* End XCConfigurationList section */
	};
	rootObject = EA9ACA4318212E82003C9D12 /* Project object */;
}
